
Microsoft Visual Studio Solution File, Format Version 12.00
# Visual Studio Version 17
VisualStudioVersion = 17.11.35312.102
MinimumVisualStudioVersion = 10.0.40219.1
Project("{9A19103F-16F7-4668-BE54-9A1E7A4F7556}") = "quikJobs", "quikJobs\quikJobs.csproj", "{8DA8318D-0254-4EC1-9B6C-AAB91D55028D}"
EndProject
Global
	GlobalSection(SolutionConfigurationPlatforms) = preSolution
		Debug|Any CPU = Debug|Any CPU
		Release|Any CPU = Release|Any CPU
	EndGlobalSection
	GlobalSection(ProjectConfigurationPlatforms) = postSolution
		{8DA8318D-0254-4EC1-9B6C-AAB91D55028D}.Debug|Any CPU.ActiveCfg = Debug|Any CPU
		{8DA8318D-0254-4EC1-9B6C-AAB91D55028D}.Debug|Any CPU.Build.0 = Debug|Any CPU
		{8DA8318D-0254-4EC1-9B6C-AAB91D55028D}.Release|Any CPU.ActiveCfg = Release|Any CPU
		{8DA8318D-0254-4EC1-9B6C-AAB91D55028D}.Release|Any CPU.Build.0 = Release|Any CPU
	EndGlobalSection
	GlobalSection(SolutionProperties) = preSolution
		HideSolutionNode = FALSE
	EndGlobalSection
	GlobalSection(ExtensibilityGlobals) = postSolution
		SolutionGuid = {08FE00A6-42DF-47FA-9EAA-AD23BD41C8E8}
	EndGlobalSection
EndGlobal
